
Microsoft Visual Studio Solution File, Format Version 12.00
# Visual Studio Version 17
VisualStudioVersion = 17.4.33213.308
MinimumVisualStudioVersion = 10.0.40219.1
Project("{FAE04EC0-301F-11D3-BF4B-00C04F79EFBC}") = "TravelProject", "TravelProject\TravelProject.csproj", "{A8D66FED-1248-425A-81BA-10ACC257820F}"
EndProject
Global
	GlobalSection(SolutionConfigurationPlatforms) = preSolution
		Debug|Any CPU = Debug|Any CPU
		Release|Any CPU = Release|Any CPU
	EndGlobalSection
	GlobalSection(ProjectConfigurationPlatforms) = postSolution
		{A8D66FED-1248-425A-81BA-10ACC257820F}.Debug|Any CPU.ActiveCfg = Debug|Any CPU
		{A8D66FED-1248-425A-81BA-10ACC257820F}.Debug|Any CPU.Build.0 = Debug|Any CPU
		{A8D66FED-1248-425A-81BA-10ACC257820F}.Release|Any CPU.ActiveCfg = Release|Any CPU
		{A8D66FED-1248-425A-81BA-10ACC257820F}.Release|Any CPU.Build.0 = Release|Any CPU
	EndGlobalSection
	GlobalSection(SolutionProperties) = preSolution
		HideSolutionNode = FALSE
	EndGlobalSection
	GlobalSection(ExtensibilityGlobals) = postSolution
		SolutionGuid = {F64C6907-C6F9-4BA8-AEEB-3ED05333C28C}
	EndGlobalSection
EndGlobal
